
Microsoft Visual Studio Solution File, Format Version 12.00
# Visual Studio Version 17
VisualStudioVersion = 17.10.35122.118
MinimumVisualStudioVersion = 10.0.40219.1
Project("{2150E333-8FDC-42A3-9474-1A3956D46DE8}") = "eShop", "eShop", "{710FE750-0D07-4B4F-A3B7-409CD98BFCA8}"
EndProject
Project("{2150E333-8FDC-42A3-9474-1A3956D46DE8}") = "src", "src", "{5E37580C-9AA5-4494-906F-A8D471C743BC}"
EndProject
Project("{FAE04EC0-301F-11D3-BF4B-00C04F79EFBC}") = "eShop.API", "eShop\src\eShop.API\eShop.API.csproj", "{B6EB6CA8-3226-4692-8178-97080FF7E926}"
EndProject
Project("{FAE04EC0-301F-11D3-BF4B-00C04F79EFBC}") = "eShop.Domain", "eShop\src\eShop.Domain\eShop.Domain.csproj", "{493E875D-A4B5-4D63-80FC-2BBB3ABAC96B}"
EndProject
Project("{FAE04EC0-301F-11D3-BF4B-00C04F79EFBC}") = "eShop.Infrastructure", "eShop\src\eShop.Infrastructure\eShop.Infrastructure.csproj", "{3A0F774A-C7AC-4845-A550-C281771059DB}"
EndProject
Project("{FAE04EC0-301F-11D3-BF4B-00C04F79EFBC}") = "eShop.Application", "eShop\src\eShop.Application\eShop.Application.csproj", "{615D3F26-1A03-453D-8356-95F45F92AB37}"
EndProject
Global
	GlobalSection(SolutionConfigurationPlatforms) = preSolution
		Debug|Any CPU = Debug|Any CPU
		Release|Any CPU = Release|Any CPU
	EndGlobalSection
	GlobalSection(ProjectConfigurationPlatforms) = postSolution
		{B6EB6CA8-3226-4692-8178-97080FF7E926}.Debug|Any CPU.ActiveCfg = Debug|Any CPU
		{B6EB6CA8-3226-4692-8178-97080FF7E926}.Debug|Any CPU.Build.0 = Debug|Any CPU
		{B6EB6CA8-3226-4692-8178-97080FF7E926}.Release|Any CPU.ActiveCfg = Release|Any CPU
		{B6EB6CA8-3226-4692-8178-97080FF7E926}.Release|Any CPU.Build.0 = Release|Any CPU
		{493E875D-A4B5-4D63-80FC-2BBB3ABAC96B}.Debug|Any CPU.ActiveCfg = Debug|Any CPU
		{493E875D-A4B5-4D63-80FC-2BBB3ABAC96B}.Debug|Any CPU.Build.0 = Debug|Any CPU
		{493E875D-A4B5-4D63-80FC-2BBB3ABAC96B}.Release|Any CPU.ActiveCfg = Release|Any CPU
		{493E875D-A4B5-4D63-80FC-2BBB3ABAC96B}.Release|Any CPU.Build.0 = Release|Any CPU
		{3A0F774A-C7AC-4845-A550-C281771059DB}.Debug|Any CPU.ActiveCfg = Debug|Any CPU
		{3A0F774A-C7AC-4845-A550-C281771059DB}.Debug|Any CPU.Build.0 = Debug|Any CPU
		{3A0F774A-C7AC-4845-A550-C281771059DB}.Release|Any CPU.ActiveCfg = Release|Any CPU
		{3A0F774A-C7AC-4845-A550-C281771059DB}.Release|Any CPU.Build.0 = Release|Any CPU
		{615D3F26-1A03-453D-8356-95F45F92AB37}.Debug|Any CPU.ActiveCfg = Debug|Any CPU
		{615D3F26-1A03-453D-8356-95F45F92AB37}.Debug|Any CPU.Build.0 = Debug|Any CPU
		{615D3F26-1A03-453D-8356-95F45F92AB37}.Release|Any CPU.ActiveCfg = Release|Any CPU
		{615D3F26-1A03-453D-8356-95F45F92AB37}.Release|Any CPU.Build.0 = Release|Any CPU
	EndGlobalSection
	GlobalSection(SolutionProperties) = preSolution
		HideSolutionNode = FALSE
	EndGlobalSection
	GlobalSection(NestedProjects) = preSolution
		{5E37580C-9AA5-4494-906F-A8D471C743BC} = {710FE750-0D07-4B4F-A3B7-409CD98BFCA8}
		{B6EB6CA8-3226-4692-8178-97080FF7E926} = {5E37580C-9AA5-4494-906F-A8D471C743BC}
		{493E875D-A4B5-4D63-80FC-2BBB3ABAC96B} = {5E37580C-9AA5-4494-906F-A8D471C743BC}
		{3A0F774A-C7AC-4845-A550-C281771059DB} = {5E37580C-9AA5-4494-906F-A8D471C743BC}
		{615D3F26-1A03-453D-8356-95F45F92AB37} = {5E37580C-9AA5-4494-906F-A8D471C743BC}
	EndGlobalSection
	GlobalSection(ExtensibilityGlobals) = postSolution
		SolutionGuid = {AF6F3FC9-F786-4A89-BAEE-5907C16948FB}
	EndGlobalSection
EndGlobal
